
Microsoft Visual Studio Solution File, Format Version 12.00
Project("{FAE04EC0-301F-11D3-BF4B-00C04F79EFBC}") = "SoaringFlows.Core", "SoaringFlows.Core.csproj", "{8C636B94-B9A8-4015-B917-A2019E0A49E7}"
EndProject
Project("{FAE04EC0-301F-11D3-BF4B-00C04F79EFBC}") = "SoaringFlows.Core.Test", "SoaringFlows.Core.Test\SoaringFlows.Core.Test.csproj", "{360A1416-1E7A-4F98-A060-12FECE40B3F0}"
EndProject
Global
	GlobalSection(SolutionConfigurationPlatforms) = preSolution
		Debug|Any CPU = Debug|Any CPU
		Release|Any CPU = Release|Any CPU
	EndGlobalSection
	GlobalSection(ProjectConfigurationPlatforms) = postSolution
		{8C636B94-B9A8-4015-B917-A2019E0A49E7}.Debug|Any CPU.ActiveCfg = Debug|Any CPU
		{8C636B94-B9A8-4015-B917-A2019E0A49E7}.Debug|Any CPU.Build.0 = Debug|Any CPU
		{8C636B94-B9A8-4015-B917-A2019E0A49E7}.Release|Any CPU.ActiveCfg = Release|Any CPU
		{8C636B94-B9A8-4015-B917-A2019E0A49E7}.Release|Any CPU.Build.0 = Release|Any CPU
		{360A1416-1E7A-4F98-A060-12FECE40B3F0}.Debug|Any CPU.ActiveCfg = Debug|Any CPU
		{360A1416-1E7A-4F98-A060-12FECE40B3F0}.Debug|Any CPU.Build.0 = Debug|Any CPU
		{360A1416-1E7A-4F98-A060-12FECE40B3F0}.Release|Any CPU.ActiveCfg = Release|Any CPU
		{360A1416-1E7A-4F98-A060-12FECE40B3F0}.Release|Any CPU.Build.0 = Release|Any CPU
	EndGlobalSection
EndGlobal
